{
  "name": "js",
  "version": "1.0.0",
  "lockfileVersion": 2,
  "requires": true,
  "packages": {
    "": {
      "name": "js",
      "version": "1.0.0",
      "license": "ISC",
      "dependencies": {
        "fs": "^0.0.1-security",
        "fs-web": "^1.0.1"
      }
    },
    "node_modules/fs": {
      "version": "0.0.1-security",
      "resolved": "https://registry.npmjs.org/fs/-/fs-0.0.1-security.tgz",
      "integrity": "sha1-invTcYa23d84E/I4WLV+yq9eQdQ="
    },
    "node_modules/fs-web": {
      "version": "1.0.1",
      "resolved": "https://registry.npmjs.org/fs-web/-/fs-web-1.0.1.tgz",
      "integrity": "sha1-UxfnF6+U2xaH2oKkj8buT4CLEhs=",
      "dependencies": {
        "path": "git://github.com/component/path.git#7b4f23c38833a5232cd5e3d50ccb8cd13dbcd2f4"
      }
    },
    "node_modules/path": {
      "version": "1.0.0",
      "resolved": "git+ssh://git@github.com/component/path.git#7b4f23c38833a5232cd5e3d50ccb8cd13dbcd2f4",
      "integrity": "sha512-weCqFe+FoOstAysrn4Op/Ie201rkZecCASSgKTOY072Gf1FZGSetpv8PHGPEjXLQ5FrOSiu8LrU3CYe5cG+thQ=="
    }
  },
  "dependencies": {
    "fs": {
      "version": "0.0.1-security",
      "resolved": "https://registry.npmjs.org/fs/-/fs-0.0.1-security.tgz",
      "integrity": "sha1-invTcYa23d84E/I4WLV+yq9eQdQ="
    },
    "fs-web": {
      "version": "1.0.1",
      "resolved": "https://registry.npmjs.org/fs-web/-/fs-web-1.0.1.tgz",
      "integrity": "sha1-UxfnF6+U2xaH2oKkj8buT4CLEhs=",
      "requires": {
        "path": "git://github.com/component/path.git#7b4f23c38833a5232cd5e3d50ccb8cd13dbcd2f4"
      }
    },
    "path": {
      "version": "git+ssh://git@github.com/component/path.git#7b4f23c38833a5232cd5e3d50ccb8cd13dbcd2f4",
      "integrity": "sha512-weCqFe+FoOstAysrn4Op/Ie201rkZecCASSgKTOY072Gf1FZGSetpv8PHGPEjXLQ5FrOSiu8LrU3CYe5cG+thQ==",
      "from": "path@git://github.com/component/path.git#7b4f23c38833a5232cd5e3d50ccb8cd13dbcd2f4"
    }
  }
}
